
Microsoft Visual Studio Solution File, Format Version 12.00
# Visual Studio Version 17
VisualStudioVersion = 17.0.31903.59
MinimumVisualStudioVersion = 10.0.40219.1
Project("{8BC9CEB8-8B4A-11D0-8D11-00A0C91BC942}") = "TextToolsLib", "lib\TextToolsLib.vcxproj", "{9EDD7581-DF10-4284-8418-D873D09EF4A2}"
EndProject
Project("{8BC9CEB8-8B4A-11D0-8D11-00A0C91BC942}") = "wconv", "wconv\wconv.vcxproj", "{0B6BBA07-3611-4B20-9E12-9AC1C08C898C}"
EndProject
Project("{8BC9CEB8-8B4A-11D0-8D11-00A0C91BC942}") = "wargs", "wargs\wargs.vcxproj", "{D21C1E8D-7B31-439D-9B50-CD943BA91DF1}"
EndProject
Project("{2150E333-8FDC-42A3-9474-1A3956D46DE8}") = "Solution Items", "Solution Items", "{62FE7155-E27D-477C-8CFE-E34879FEAD12}"
	ProjectSection(SolutionItems) = preProject
		README.md = README.md
	EndProjectSection
EndProject
Global
	GlobalSection(SolutionConfigurationPlatforms) = preSolution
		Debug|x64 = Debug|x64
		Debug|x86 = Debug|x86
		Release|x64 = Release|x64
		Release|x86 = Release|x86
	EndGlobalSection
	GlobalSection(ProjectConfigurationPlatforms) = postSolution
		{9EDD7581-DF10-4284-8418-D873D09EF4A2}.Debug|x64.ActiveCfg = Debug|x64
		{9EDD7581-DF10-4284-8418-D873D09EF4A2}.Debug|x64.Build.0 = Debug|x64
		{9EDD7581-DF10-4284-8418-D873D09EF4A2}.Debug|x86.ActiveCfg = Debug|Win32
		{9EDD7581-DF10-4284-8418-D873D09EF4A2}.Debug|x86.Build.0 = Debug|Win32
		{9EDD7581-DF10-4284-8418-D873D09EF4A2}.Release|x64.ActiveCfg = Release|x64
		{9EDD7581-DF10-4284-8418-D873D09EF4A2}.Release|x64.Build.0 = Release|x64
		{9EDD7581-DF10-4284-8418-D873D09EF4A2}.Release|x86.ActiveCfg = Release|Win32
		{9EDD7581-DF10-4284-8418-D873D09EF4A2}.Release|x86.Build.0 = Release|Win32
		{0B6BBA07-3611-4B20-9E12-9AC1C08C898C}.Debug|x64.ActiveCfg = Debug|x64
		{0B6BBA07-3611-4B20-9E12-9AC1C08C898C}.Debug|x64.Build.0 = Debug|x64
		{0B6BBA07-3611-4B20-9E12-9AC1C08C898C}.Debug|x86.ActiveCfg = Debug|Win32
		{0B6BBA07-3611-4B20-9E12-9AC1C08C898C}.Debug|x86.Build.0 = Debug|Win32
		{0B6BBA07-3611-4B20-9E12-9AC1C08C898C}.Release|x64.ActiveCfg = Release|x64
		{0B6BBA07-3611-4B20-9E12-9AC1C08C898C}.Release|x64.Build.0 = Release|x64
		{0B6BBA07-3611-4B20-9E12-9AC1C08C898C}.Release|x86.ActiveCfg = Release|Win32
		{0B6BBA07-3611-4B20-9E12-9AC1C08C898C}.Release|x86.Build.0 = Release|Win32
		{D21C1E8D-7B31-439D-9B50-CD943BA91DF1}.Debug|x64.ActiveCfg = Debug|x64
		{D21C1E8D-7B31-439D-9B50-CD943BA91DF1}.Debug|x64.Build.0 = Debug|x64
		{D21C1E8D-7B31-439D-9B50-CD943BA91DF1}.Debug|x86.ActiveCfg = Debug|Win32
		{D21C1E8D-7B31-439D-9B50-CD943BA91DF1}.Debug|x86.Build.0 = Debug|Win32
		{D21C1E8D-7B31-439D-9B50-CD943BA91DF1}.Release|x64.ActiveCfg = Release|x64
		{D21C1E8D-7B31-439D-9B50-CD943BA91DF1}.Release|x64.Build.0 = Release|x64
		{D21C1E8D-7B31-439D-9B50-CD943BA91DF1}.Release|x86.ActiveCfg = Release|Win32
		{D21C1E8D-7B31-439D-9B50-CD943BA91DF1}.Release|x86.Build.0 = Release|Win32
	EndGlobalSection
	GlobalSection(SolutionProperties) = preSolution
		HideSolutionNode = FALSE
	EndGlobalSection
	GlobalSection(ExtensibilityGlobals) = postSolution
		SolutionGuid = {96B6E6C5-2186-4624-B535-3493BD3078C8}
	EndGlobalSection
EndGlobal
